version = 1
revision = 3
requires-python = ">=3.11"

[[package]]
name = "beautifulsoup4"
version = "4.15.0"
source = { registry = "https://pypi.org/simple" }
dependencies = [
    { name = "soupsieve" },
    { name = "typing-extensions" },
]
sdist = { url = "https://files.pythonhosted.org/packages/43/65/318323f98dbee45d42dff61d8f047181bc6f2268a9068cfad035a46be5af/beautifulsoup4-4.15.0.tar.gz", hash = "sha256:288e3ca7d54b06f2ac191970bc275c1939cb46d450b255bf6718b04aa37ab4f7", size = 632571, upload-time = "2026-06-07T16:44:20.453Z" }
wheels = [
    { url = "https://files.pythonhosted.org/packages/88/c6/92fcd42f1ba33e1184263f25bfabf3d27c383410470f169e4b8163bf9c17/beautifulsoup4-4.15.0-py3-none-any.whl", hash = "sha256:d6f88de62e1d4e38ecb1077eb9724cd0eff29d2a08ca16a401e9b9e93f117cf9", size = 109924, upload-time = "2026-06-07T16:44:21.566Z" },
]

[[package]]
name = "colorama"
version = "0.4.6"
source = { registry = "https://pypi.org/simple" }
sdist = { url = "https://files.pythonhosted.org/packages/d8/53/6f443c9a4a8358a93a6792e2acffb9d9d5cb0a5cfd8802644b7b1c9a02e4/colorama-0.4.6.tar.gz", hash = "sha256:08695f5cb7ed6e0531a20572697297273c47b8cae5a63ffc6d6ed5c201be6e44", size = 27697, upload-time = "2022-10-25T02:36:22.414Z" }
wheels = [
    { url = "https://files.pythonhosted.org/packages/d1/d6/3965ed04c63042e047cb6a3e6ed1a63a35087b6a609aa3a15ed8ac56c221/colorama-0.4.6-py2.py3-none-any.whl", hash = "sha256:4f1d9991f5acc0ca119f9d443620b77f9d6b33703e51011c16baf57afb285fc6", size = 25335, upload-time = "2022-10-25T02:36:20.889Z" },
]

[[package]]
name = "ijson"
version = "3.5.1"
source = { registry = "https://pypi.org/simple" }
sdist = { url = "https://files.pythonhosted.org/packages/3a/06/b31f040a8764336a11152e474a7abcb3782fedb0d1cdf78f442b82878c56/ijson-3.5.1.tar.gz", hash = "sha256:af40bd1a85f55db0b8b30715c858761306bd92d5590148636f75c3309e6e76bd", size = 69913, upload-time = "2026-07-06T17:37:42.923Z" }
wheels = [
    { url = "https://files.pythonhosted.org/packages/97/d3/16d1595d3ef4743fc55129211bc52f52d59c582d0b7be045d8c04be0ae0c/ijson-3.5.1-cp311-cp311-macosx_10_9_universal2.whl", hash = "sha256:2aa9d0cf21d4de89fb633e5ec27e9ad02c3f9a4ffa3940d120b23b8aed3acffc", size = 89069, upload-time = "2026-07-06T17:36:15.727Z" },
    { url = "https://files.pythonhosted.org/packages/32/a5/ddba126e2d46cf3b86ad762aeb5e0a02ce0ebc6e4529fe7d06eecb217844/ijson-3.5.1-cp311-cp311-macosx_10_9_x86_64.whl", hash = "sha256:05eba5268a38809ba1c3dbfa44ea67336e2c353fc11768acc9c6442fe0ccac50", size = 60697, upload-time = "2026-07-06T17:36:16.66Z" },
    { url = "https://files.pythonhosted.org/packages/dc/74/444d8d00a4506a79fc5544614106fa48d5f6f7049511148d8b6cddb8e9d7/ijson-3.5.1-cp311-cp311-macosx_11_0_arm64.whl", hash = "sha256:40ddd236c80a667dd6a1f6b625d18ddac68b8719ff795761b7542f2e1f78e4a4", size = 60747, upload-time = "2026-07-06T17:36:17.927Z" },
    { url = "https://files.pythonhosted.org/packages/ee/b1/bc07831e646aebcc91a7bad9c5a0bf7c3f3395f0b10599e021667a3777f1/ijson-3.5.1-cp311-cp311-manylinux1_i686.manylinux_2_28_i686.manylinux_2_5_i686.whl", hash = "sha256:e6cf9e49902f28af7a2e2f8b35c201195c0f0d5c170a5786e0c0a1b8492a4e37", size = 132095, upload-time = "2026-07-06T17:36:19.022Z" },
    { url = "https://files.pythonhosted.org/packages/1d/1f/b4547461d75db40744616e40c0a06cf2f46a14e60742f6d12510f4612985/ijson-3.5.1-cp311-cp311-manylinux2014_aarch64.manylinux_2_17_aarch64.manylinux_2_28_aarch64.whl", hash = "sha256:6ee1e6d59c800aa819952f6cb5ff08707ecd576b29cc9c3d00e33c2b371a92ce", size = 138790, upload-time = "2026-07-06T17:36:20.22Z" },
    { url = "https://files.pythonhosted.org/packages/a7/30/7ecba8377509eaea2666db5b39a1a99e23f5e3e1e7ee371ec366cbfc4f7c/ijson-3.5.1-cp311-cp311-manylinux2014_x86_64.manylinux_2_17_x86_64.manylinux_2_28_x86_64.whl", hash = "sha256:affb85eb75fa03a21d1f790bbf26a0e66e5701672062a30dc5c3c6a29c5c0a63", size = 135233, upload-time = "2026-07-06T17:36:21.252Z" },
    { url = "https://files.pythonhosted.org/packages/38/36/0679010904b24398336b3099b09ccb1daa41c534e7cb0931e89d5fcdbee4/ijson-3.5.1-cp311-cp311-musllinux_1_2_aarch64.whl", hash = "sha256:3060b141ef758be3742315d44476109460c265b88247e3a4e479949f8b134eac", size = 138832, upload-time = "2026-07-06T17:36:22.323Z" },
    { url = "https://files.pythonhosted.org/packages/b0/90/a40f971e78191e423c7b3a23756f37c3a51c27aadd7769b3fb1816e0044d/ijson-3.5.1-cp311-cp311-musllinux_1_2_i686.whl", hash = "sha256:ffba9bce60be21b496afc67a05ab8e3f431f87f0282fd6ce3c62004c951a1428", size = 133313, upload-time = "2026-07-06T17:36:23.405Z" },
    { url = "https://files.pythonhosted.org/packages/7b/d7/b012c347d3ab011c0c4f7988dc6e85b83eaab59df1aec089f5db0e7b29c5/ijson-3.5.1-cp311-cp311-musllinux_1_2_x86_64.whl", hash = "sha256:170cc4c209f57decc9b7ee5fd340f2a1602d54020fa222846482ff1c99e88fdc", size = 135706, upload-time = "2026-07-06T17:36:24.464Z" },
    { url = "https://files.pythonhosted.org/packages/f5/48/3eacb96124e78271f4e648c6ce36f9ce15ce2cef2afb6f8dc6e213e43979/ijson-3.5.1-cp311-cp311-win32.whl", hash = "sha256:6d581a071dae8dbee61f8d962e892787707bad6e641e2f6fb30dd89d3e896939", size = 52221, upload-time = "2026-07-06T17:36:25.517Z" },
    { url = "https://files.pythonhosted.org/packages/1b/1a/19eff8576da0b46fa4a5c8751536ea27ab34c44b2609b2bcded9d7808d42/ijson-3.5.1-cp311-cp311-win_amd64.whl", hash = "sha256:1356bca96d015948b601b013defb2d5631e4330e8f5880e4d7c933d472a90c34", size = 54641, upload-time = "2026-07-06T17:36:26.453Z" },
    { url = "https://files.pythonhosted.org/packages/c7/80/86b28f28ebf190fffd4f46790e065311e2758b55d8e6bbd33d92e9a49448/ijson-3.5.1-cp311-cp311-win_arm64.whl", hash = "sha256:c2b83b24be73f0c7a301807a4c3081939524421c7ae1556eb6eac7cff50ddfa7", size = 53954, upload-time = "2026-07-06T17:36:27.542Z" },
    { url = "https://files.pythonhosted.org/packages/5b/6e/f3ded1ebb85ccc89a30f7b10a0076f30db70ae1d1e0b6423ff93c57b7539/ijson-3.5.1-cp312-cp312-macosx_10_13_universal2.whl", hash = "sha256:ee60c7741012671867678eae71c51872cac938b76f3d4ca40a778e6c361774d2", size = 88643, upload-time = "2026-07-06T17:36:28.529Z" },
    { url = "https://files.pythonhosted.org/packages/ee/f2/18f14a1d79ef4898e746b4f50dcdbe60abab317cc2bd8390f043b9553c4e/ijson-3.5.1-cp312-cp312-macosx_10_13_x86_64.whl", hash = "sha256:11c1d7d36a13054b5872ecd5d745dc4009d9abdbcba2312de69e66c2f92a46d2", size = 60611, upload-time = "2026-07-06T17:36:29.597Z" },
    { url = "https://files.pythonhosted.org/packages/30/c7/6e3e591324fd4c7a7a9e1bc23548bacbd84c0d91766b71f09f13e945e7e9/ijson-3.5.1-cp312-cp312-macosx_11_0_arm64.whl", hash = "sha256:b9517efbe6604bce16f3e50d49b0cd1bdc58917f98cf2eab026599c5c0422991", size = 60447, upload-time = "2026-07-06T17:36:30.747Z" },
    { url = "https://files.pythonhosted.org/packages/4d/a5/9af7be670381ddac26dd55107ed0110b50f5161673b053311db67f510dcc/ijson-3.5.1-cp312-cp312-manylinux1_i686.manylinux_2_28_i686.manylinux_2_5_i686.whl", hash = "sha256:ea4fd7bec203a600b1cc88a492dfe6b75ce4b1b87488a66adcd5406022213f64", size = 139092, upload-time = "2026-07-06T17:36:31.749Z" },
    { url = "https://files.pythonhosted.org/packages/41/fb/f9c1664d75467453e6bd4e5f9cd2211b730b09e049445ab64cbac68cc6a3/ijson-3.5.1-cp312-cp312-manylinux2014_aarch64.manylinux_2_17_aarch64.manylinux_2_28_aarch64.whl", hash = "sha256:350caea815e53151994b597abc80cf669454276b5ac6aadcec69ef6d48f7e90b", size = 149921, upload-time = "2026-07-06T17:36:32.912Z" },
    { url = "https://files.pythonhosted.org/packages/43/80/d20b1c49c4aa7cc6644131e2e57192b45346ef4816566ed1cd9fd05bae38/ijson-3.5.1-cp312-cp312-manylinux2014_x86_64.manylinux_2_17_x86_64.manylinux_2_28_x86_64.whl", hash = "sha256:e4fcebfe1685bb7ba06a8255a5d428ea6b4b895d7acf979cb637d8bbc9db2f47", size = 149848, upload-time = "2026-07-06T17:36:34.032Z" },
    { url = "https://files.pythonhosted.org/packages/fd/fc/5baa710869f5ab939e6233583ced1546889b55c35f35b844c518ac10abc3/ijson-3.5.1-cp312-cp312-musllinux_1_2_aarch64.whl", hash = "sha256:d78f362f51c8691798758a9e6ac3c9d385ee1228cb82987c91562a2fae235cd3", size = 150810, upload-time = "2026-07-06T17:36:35.19Z" },
    { url = "https://files.pythonhosted.org/packages/54/16/a12b3d987a5c1677b04557c6f9b9feb7e04b7d4171e9a344856cb9136e9b/ijson-3.5.1-cp312-cp312-musllinux_1_2_i686.whl", hash = "sha256:0b184180d45f85fd4479659582749b109e49f4a29c21ac700ccc9c2280fe015e", size = 142989, upload-time = "2026-07-06T17:36:36.23Z" },
    { url = "https://files.pythonhosted.org/packages/ed/63/1026c535671fc334fc85aeb78f0945c825e7a338575edc753c0f455459ae/ijson-3.5.1-cp312-cp312-musllinux_1_2_x86_64.whl", hash = "sha256:e353891d33a2e6aa5caf72c2a5fbadd7a46f5f9b32dcfd0c84113b2444c255b8", size = 151702, upload-time = "2026-07-06T17:36:37.296Z" },
    { url = "https://files.pythonhosted.org/packages/cb/af/b58aa3a2bf4d31c388ea78b49826605f60932891ce97e404d196766b4ea3/ijson-3.5.1-cp312-cp312-win32.whl", hash = "sha256:936f28671f018f8ac4d3f003ae9fa01d0467ab4ef4cfd0c97f23beda485b61c6", size = 52613, upload-time = "2026-07-06T17:36:38.345Z" },
    { url = "https://files.pythonhosted.org/packages/04/66/ce70a92949c2a753dad91fdd5761dc14f3a44517e80cfc3c26612982ed61/ijson-3.5.1-cp312-cp312-win_amd64.whl", hash = "sha256:322c783f3ee0c6b383bbd4db88370b10172168808cc2a0bf811f1253f7435602", size = 54729, upload-time = "2026-07-06T17:36:39.337Z" },
    { url = "https://files.pythonhosted.org/packages/a5/ff/e17784240c9cf1d58de2f2853ebaf9cc54f6bce117a1f12a6150bbb4a5aa/ijson-3.5.1-cp312-cp312-win_arm64.whl", hash = "sha256:e2ac204b59f09e38e16d277f906240e9fd38780e42076599419265af183dc4b4", size = 53714, upload-time = "2026-07-06T17:36:40.308Z" },
    { url = "https://files.pythonhosted.org/packages/fd/c0/5384ccf4fc497ae3dc79a5a28561b05518b503ade29daf3898168d640406/ijson-3.5.1-cp313-cp313-macosx_10_13_universal2.whl", hash = "sha256:3c0556d628443d3e871f414855313b2ae6cd9faa0104de3316bd8db03aab1589", size = 88652, upload-time = "2026-07-06T17:36:41.278Z" },
    { url = "https://files.pythonhosted.org/packages/8e/42/58769b8b6d614adb15c2c938c77bcdbfadfba8b1d21a98b5b09cb8961adc/ijson-3.5.1-cp313-cp313-macosx_10_13_x86_64.whl", hash = "sha256:12aa7fcf46f0fdc8e9e7cf37541e1dc20ac3f9243a23f4d346ab5395f72b0fe2", size = 60607, upload-time = "2026-07-06T17:36:42.697Z" },
    { url = "https://files.pythonhosted.org/packages/db/4a/8322c2824c24184880587bbca45531127a21a4b3bfc897f13427fea02424/ijson-3.5.1-cp313-cp313-macosx_11_0_arm64.whl", hash = "sha256:a96066d8c12a18ce2fa90579f2bbf991377cb71725874932e4a5d855226c162a", size = 60447, upload-time = "2026-07-06T17:36:43.791Z" },
    { url = "https://files.pythonhosted.org/packages/f4/43/7bdca8f733c45ce97f61a64fadd3e51d255c4c9b467345cbf71ccc7bb368/ijson-3.5.1-cp313-cp313-manylinux1_i686.manylinux_2_28_i686.manylinux_2_5_i686.whl", hash = "sha256:a19413a092d458a57aaa574fec08e265851d3b5c6e018377f426cd5e70b91280", size = 138889, upload-time = "2026-07-06T17:36:45.081Z" },
    { url = "https://files.pythonhosted.org/packages/e7/dc/e8a2e63700ab1d63aaf3fa38c454f8178eaa5b80a6d7c019d1d61b490a6c/ijson-3.5.1-cp313-cp313-manylinux2014_aarch64.manylinux_2_17_aarch64.manylinux_2_28_aarch64.whl", hash = "sha256:65974568748678165d7e90e3e7ce2f7c233cfe4de6c37fbb0760941c97e14632", size = 149933, upload-time = "2026-07-06T17:36:46.312Z" },
    { url = "https://files.pythonhosted.org/packages/d9/56/640a4d980f7f2c11e399a7fd5ccb9e3d3c9e1dec3a1d5a10024570697c25/ijson-3.5.1-cp313-cp313-manylinux2014_x86_64.manylinux_2_17_x86_64.manylinux_2_28_x86_64.whl", hash = "sha256:bad5d55c99c89de8cd0a4cded51f86427ba3353c4dccca37ec2e32e06f26b437", size = 149857, upload-time = "2026-07-06T17:36:47.309Z" },
    { url = "https://files.pythonhosted.org/packages/3d/a1/c953e22c83992b69ae538a83b3678d28768f1a48042fc7794733423a5ce7/ijson-3.5.1-cp313-cp313-musllinux_1_2_aarch64.whl", hash = "sha256:1a38d503ce343952e88edfd9a27296a4ec96af7073a9db58b3df6233367f75fc", size = 151141, upload-time = "2026-07-06T17:36:48.405Z" },
    { url = "https://files.pythonhosted.org/packages/9e/ab/8fe5b7269b140e6e5f8837a33ce980fd9b67c70d0f8114289ed1cea4dace/ijson-3.5.1-cp313-cp313-musllinux_1_2_i686.whl", hash = "sha256:2f41982c73896acab4a2a14faa14e152e444bd69f37c3139204429fd3fe65a10", size = 143112, upload-time = "2026-07-06T17:36:50.353Z" },
    { url = "https://files.pythonhosted.org/packages/78/f3/23d1284edcde50ba337ddfba5b5d59f8273084d98b28af94715e73dd2b64/ijson-3.5.1-cp313-cp313-musllinux_1_2_x86_64.whl", hash = "sha256:3321fede2b638d400de0036889a3a25c3bb689feb8df45e70a393346aad6194f", size = 152184, upload-time = "2026-07-06T17:36:51.536Z" },
    { url = "https://files.pythonhosted.org/packages/82/4e/df61be89dd295e4da722ec96ba03b1765bcb2becdaaaede9c96a7d2365b6/ijson-3.5.1-cp313-cp313-win32.whl", hash = "sha256:af6ddbd10ac9bce87a835f2de3ec61455ec435c54e7e0ba7b17c31c66de6f164", size = 52607, upload-time = "2026-07-06T17:36:52.596Z" },
    { url = "https://files.pythonhosted.org/packages/4a/d9/03e5dbd3ef7e0cee06fbef0f87b91d7ce1c07fae9b5a1b0ca8b895de62c4/ijson-3.5.1-cp313-cp313-win_amd64.whl", hash = "sha256:1de3de278b0ffb40338374ad2a730e1c56f933e0706b1815ebeb07b82239b1a3", size = 54730, upload-time = "2026-07-06T17:36:53.526Z" },
    { url = "https://files.pythonhosted.org/packages/38/30/4f37076c88a96a1a5e44df38b59fade4f59eaef87ef8b5162d55b2d426d5/ijson-3.5.1-cp313-cp313-win_arm64.whl", hash = "sha256:c8a36a19b92cb7172c6448ab94f446033cfa3129dc4894aebe205f96b3fabf42", size = 53719, upload-time = "2026-07-06T17:36:54.592Z" },
    { url = "https://files.pythonhosted.org/packages/f9/17/54f9180c0da9a9e96e5b3791bc74093f029a2344678b4da218c2699465bf/ijson-3.5.1-cp314-cp314-macosx_10_15_universal2.whl", hash = "sha256:21e1a250b254edba2f0dd7272a4c56f0a879aabe328d9e306dd1fc115f560e74", size = 89223, upload-time = "2026-07-06T17:36:55.534Z" },
    { url = "https://files.pythonhosted.org/packages/09/70/0ee0d2627c534174455a745ca25284797e71b0d6e2b2a1b31cc914e7b462/ijson-3.5.1-cp314-cp314-macosx_10_15_x86_64.whl", hash = "sha256:e01f95433725e2df62d682ff88e4a57bb694385ff2362bc364adec961167ae04", size = 60831, upload-time = "2026-07-06T17:36:56.554Z" },
    { url = "https://files.pythonhosted.org/packages/8d/e6/56f64ba7a3e7a25d9a9fbbeb4c30597d6b76c1094cc2041d11a3224b562c/ijson-3.5.1-cp314-cp314-macosx_11_0_arm64.whl", hash = "sha256:539e8d6cca079bcbb68c390e55148f908e0a943a34f7dd321248637c6272adca", size = 60752, upload-time = "2026-07-06T17:36:57.826Z" },
    { url = "https://files.pythonhosted.org/packages/3e/2b/5a55db881f1b043cd6d5716578937a60ac16348be1a3afbf846b21cf4b44/ijson-3.5.1-cp314-cp314-manylinux1_i686.manylinux_2_28_i686.manylinux_2_5_i686.whl", hash = "sha256:32f64051be2f990d8ae7b614b5abdf4a7bead510ce3666568d7403c6c46ce4d8", size = 140783, upload-time = "2026-07-06T17:36:58.984Z" },
    { url = "https://files.pythonhosted.org/packages/2e/61/f7783cc18672dc31544141139efd187fb34795d24e573fed6abea6b776c7/ijson-3.5.1-cp314-cp314-manylinux2014_aarch64.manylinux_2_17_aarch64.manylinux_2_28_aarch64.whl", hash = "sha256:cd0dfc5a788d0b0c2f1eab258b9dabdeefc631ca8ef87644a999f633b0b2555a", size = 149976, upload-time = "2026-07-06T17:37:00.235Z" },
    { url = "https://files.pythonhosted.org/packages/5f/d6/4182dd63b6b70eae4f5208c53558a050895a40734dff283463033c153742/ijson-3.5.1-cp314-cp314-manylinux2014_x86_64.manylinux_2_17_x86_64.manylinux_2_28_x86_64.whl", hash = "sha256:42bfda7858d99ee9777ec28cb6d347928249eefeb577f9b0a67503c18f7ebb6a", size = 149317, upload-time = "2026-07-06T17:37:01.476Z" },
    { url = "https://files.pythonhosted.org/packages/01/b1/a675e4a9b428a0ef556e7d718bf0e6885e3e5543042248a1a7030899a3d4/ijson-3.5.1-cp314-cp314-musllinux_1_2_aarch64.whl", hash = "sha256:c4b9a28e9719d1aebebe93ad8dc2ba87f4e2d9035043b196c1c07ef8530b44cc", size = 150555, upload-time = "2026-07-06T17:37:02.676Z" },
    { url = "https://files.pythonhosted.org/packages/b5/69/52686f56b44af63a93c3dc3f5bcfa07f87427d9aea4d2cbe3e1c94188c74/ijson-3.5.1-cp314-cp314-musllinux_1_2_i686.whl", hash = "sha256:9a0b25c750a6bde14a0b31f1dcbfc86368e50767e3eaa73bb138e54128055edd", size = 144485, upload-time = "2026-07-06T17:37:03.779Z" },
    { url = "https://files.pythonhosted.org/packages/f0/46/10554e817dde56300a8414e52c0f5a44a29f3440327cd6d829ece57759b3/ijson-3.5.1-cp314-cp314-musllinux_1_2_x86_64.whl", hash = "sha256:bd756f7b22df745ac14b7bc2ab9ed7c190a222e4c8e1bef26ef1162af8e54d0f", size = 151470, upload-time = "2026-07-06T17:37:04.901Z" },
    { url = "https://files.pythonhosted.org/packages/91/82/f37cbb110b48abdb623d169d0e196f2f6e064e2c20fa789ecde6e69b0440/ijson-3.5.1-cp314-cp314-win32.whl", hash = "sha256:e035cdfb2a1446b13881f0dfc0eecd1541cbb17a27a938ded2160ae6ce25051b", size = 53219, upload-time = "2026-07-06T17:37:06.254Z" },
    { url = "https://files.pythonhosted.org/packages/00/58/792df8f001c246c8ff28f860de81d35ea0d797c0d3276c22a2af83089656/ijson-3.5.1-cp314-cp314-win_amd64.whl", hash = "sha256:eeb2fb2daa5dd30326f93db465d0855b34aa6b1f52a7c0ff94522aec5ad57dfb", size = 55485, upload-time = "2026-07-06T17:37:07.242Z" },
    { url = "https://files.pythonhosted.org/packages/c0/3c/db3ccc22c09ed4738787e8d82fff76101aa81ec8de7eaf6572e065e012d3/ijson-3.5.1-cp314-cp314-win_arm64.whl", hash = "sha256:a96ab35d7ce2129dfde49c4c807596443410e260d7f7a4ca8fe4d0035553b589", size = 54390, upload-time = "2026-07-06T17:37:08.497Z" },
    { url = "https://files.pythonhosted.org/packages/26/59/eefa5d9488250c03f24152576804205ae40e29cac0dc65cbbc5f3d422008/ijson-3.5.1-cp314-cp314t-macosx_10_15_universal2.whl", hash = "sha256:77b68e91f95fb16ac2e7819903cd545db6cffa308c28833cc34911e6b21e91dd", size = 93177, upload-time = "2026-07-06T17:37:09.71Z" },
    { url = "https://files.pythonhosted.org/packages/88/db/6329eb7bb9f1906c1906fc10e7074b8f08bf39b7d50baa58f1b597d48898/ijson-3.5.1-cp314-cp314t-macosx_10_15_x86_64.whl", hash = "sha256:94a95065b1ac67602af0cec852b07505abc37b77e3774d1c801d935d05e48f82", size = 62891, upload-time = "2026-07-06T17:37:10.735Z" },
    { url = "https://files.pythonhosted.org/packages/fc/d0/b3beddb96eef0b20bb9902c36e4de30f145be06d7e5e1d780e1a1689d0ce/ijson-3.5.1-cp314-cp314t-macosx_11_0_arm64.whl", hash = "sha256:b70b5da6b0571da8f601a437c4fba2d35bc27739637d85f3acdc8f88916ce68e", size = 62575, upload-time = "2026-07-06T17:37:11.681Z" },
    { url = "https://files.pythonhosted.org/packages/5b/01/95f3a7c27d25bb917954ef0c8e86d0e60f585b9db675cbd05d355f54cce8/ijson-3.5.1-cp314-cp314t-manylinux1_i686.manylinux_2_28_i686.manylinux_2_5_i686.whl", hash = "sha256:0ade373dd765b057b1dec05d7711bfeb5a36f1e825259466d9f545cfd8ef3ba3", size = 200568, upload-time = "2026-07-06T17:37:12.743Z" },
    { url = "https://files.pythonhosted.org/packages/77/61/c94ee4ea1f22318aab9a49b35d0ce8ac87dd24d508ea4c77dcbde362ba5e/ijson-3.5.1-cp314-cp314t-manylinux2014_aarch64.manylinux_2_17_aarch64.manylinux_2_28_aarch64.whl", hash = "sha256:882bc0bdd25d41eae90a15695cd50707edde0978b8b72a2532e30442dd8fd04c", size = 217956, upload-time = "2026-07-06T17:37:14.041Z" },
    { url = "https://files.pythonhosted.org/packages/1a/82/43e8d225aea5ee00eef7998c8ce41f344f7ba451329dfa9e92f4700813af/ijson-3.5.1-cp314-cp314t-manylinux2014_x86_64.manylinux_2_17_x86_64.manylinux_2_28_x86_64.whl", hash = "sha256:451901c36e12fa87cbb1cafe661bd25c08c6bd7900cc738279614f71cea07048", size = 208403, upload-time = "2026-07-06T17:37:15.201Z" },
    { url = "https://files.pythonhosted.org/packages/cf/6f/375f67fad76677aca9bc0817b2b18fdd231d309fe24e26b19a5556ef6cdd/ijson-3.5.1-cp314-cp314t-musllinux_1_2_aarch64.whl", hash = "sha256:e3c5f660658f2ebfba5d4dfe4bafe8cd3a0defcda410ec08d2205fe08c398940", size = 211967, upload-time = "2026-07-06T17:37:16.484Z" },
    { url = "https://files.pythonhosted.org/packages/dc/53/4c754c3ba18ec70b7086b91a4abd368358fc47cc9b3871afd50deef4fea1/ijson-3.5.1-cp314-cp314t-musllinux_1_2_i686.whl", hash = "sha256:29eb8f0c77a296a10843a1714ad4a5d561e604cda3c88585e9012cf2c1729b0a", size = 201020, upload-time = "2026-07-06T17:37:18.017Z" },
    { url = "https://files.pythonhosted.org/packages/26/2d/3e7191b3222a31c378b827565b4fa64676a293441279f84db3d971720bf5/ijson-3.5.1-cp314-cp314t-musllinux_1_2_x86_64.whl", hash = "sha256:85997568d6b304cfa59d5c3f2b04f95b92e9a8c7f57d312343a7989cf8dfff85", size = 205584, upload-time = "2026-07-06T17:37:19.343Z" },
    { url = "https://files.pythonhosted.org/packages/24/11/55ae9c915e68f37c8698f8b09355071dc808ced5e9d4abf8238dc363f500/ijson-3.5.1-cp314-cp314t-win32.whl", hash = "sha256:c2e2509dc7f2fa5a2ac9ba7d15dd901f4093bd36b0784f65e04b681b7956651c", size = 54438, upload-time = "2026-07-06T17:37:20.656Z" },
    { url = "https://files.pythonhosted.org/packages/96/df/5bf2656447f14a923d25a0401b1cd628ca05c23041d3a4c116ae8d44dc39/ijson-3.5.1-cp314-cp314t-win_amd64.whl", hash = "sha256:2699e838099d056818c5f8e4ba702b345d0304e58847bdc79c5c1616d5d750a5", size = 56467, upload-time = "2026-07-06T17:37:21.615Z" },
    { url = "https://files.pythonhosted.org/packages/4e/e4/dec06e84fac704039625039c6b116a44f17ad72fda48b8f88a2493364b77/ijson-3.5.1-cp314-cp314t-win_arm64.whl", hash = "sha256:c388f85cbb9eec022b2bdedd23ffacfe7ab100c1200b1f47bee6e6ea2c3309fa", size = 55774, upload-time = "2026-07-06T17:37:22.958Z" },
    { url = "https://files.pythonhosted.org/packages/49/ea/f42470cc773c8686dd0823da8aefc31a138cd9aea1ad476d43c8293068da/ijson-3.5.1-pp311-pypy311_pp73-macosx_10_15_x86_64.whl", hash = "sha256:077b1b0bcb6a622d460c6674fe6647c7af5a3b06503e1996d1efcf9f78c94512", size = 57830, upload-time = "2026-07-06T17:37:37.005Z" },
    { url = "https://files.pythonhosted.org/packages/d0/2f/64c61edab2c5ecf42a524146a70fa6171c8cf3960b947fb4c5f175660cb3/ijson-3.5.1-pp311-pypy311_pp73-macosx_11_0_arm64.whl", hash = "sha256:e8dbf71b21e65cb7f0d4d387c07fe73be820168070c3be05a0763a80f424f1c7", size = 57325, upload-time = "2026-07-06T17:37:38.017Z" },
    { url = "https://files.pythonhosted.org/packages/9f/5b/553ea8f14dfc756d6b6c9be2e2231ab44877ce96408eb9da3bb3f11ddd13/ijson-3.5.1-pp311-pypy311_pp73-manylinux1_i686.manylinux_2_28_i686.manylinux_2_5_i686.whl", hash = "sha256:0d7c5025a820f36f3e0e64f4b0232b338c690664c12b497e205cf64dcc64fc12", size = 71344, upload-time = "2026-07-06T17:37:38.997Z" },
    { url = "https://files.pythonhosted.org/packages/2e/3e/0248fd00746731074ca01365a25d8aa3c4d54642c8a14490d94f7550bda9/ijson-3.5.1-pp311-pypy311_pp73-manylinux2014_aarch64.manylinux_2_17_aarch64.manylinux_2_28_aarch64.whl", hash = "sha256:aa7a2c94e43c02e0482088e6ff997e2bd7b9a76e6f1d0fd70891b4b5ff51318f", size = 71335, upload-time = "2026-07-06T17:37:39.965Z" },
    { url = "https://files.pythonhosted.org/packages/7a/b9/1f1259546cc875adad240c468515f428d3a79b3def3ced17be3cdfe29146/ijson-3.5.1-pp311-pypy311_pp73-manylinux2014_x86_64.manylinux_2_17_x86_64.manylinux_2_28_x86_64.whl", hash = "sha256:69b5eef70240e9734c5a2fb5cc3742cae411fc833a66b9a50722b9eedb1e27de", size = 68728, upload-time = "2026-07-06T17:37:40.928Z" },
    { url = "https://files.pythonhosted.org/packages/ea/02/aafbf0c3e1468c7c0f607065363b49c381de7e4bb43ae6674684a3fafe92/ijson-3.5.1-pp311-pypy311_pp73-win_amd64.whl", hash = "sha256:4b75b6bf4b0dbb0df24947db6722cd5723ce8d6e6b13fddbfc98db312ba82237", size = 54922, upload-time = "2026-07-06T17:37:41.879Z" },
]

[[package]]
name = "iniconfig"
version = "2.3.0"
source = { registry = "https://pypi.org/simple" }
sdist = { url = "https://files.pythonhosted.org/packages/72/34/14ca021ce8e5dfedc35312d08ba8bf51fdd999c576889fc2c24cb97f4f10/iniconfig-2.3.0.tar.gz", hash = "sha256:c76315c77db068650d49c5b56314774a7804df16fee4402c1f19d6d15d8c4730", size = 20503, upload-time = "2025-10-18T21:55:43.219Z" }
wheels = [
    { url = "https://files.pythonhosted.org/packages/cb/b1/3846dd7f199d53cb17f49cba7e651e9ce294d8497c8c150530ed11865bb8/iniconfig-2.3.0-py3-none-any.whl", hash = "sha256:f631c04d2c48c52b84d0d0549c99ff3859c98df65b3101406327ecc7d53fbf12", size = 7484, upload-time = "2025-10-18T21:55:41.639Z" },
]

[[package]]
name = "packaging"
version = "26.3"
source = { registry = "https://pypi.org/simple" }
sdist = { url = "https://files.pythonhosted.org/packages/7d/fa/3944b40b07da9ce895c0e6303a5ab7d53da063554f534556b134a54d6093/packaging-26.3.tar.gz", hash = "sha256:94edc256424af38762eb31306eed28beb9f0efc50a8837492c9d6fd6004aed79", size = 313412, upload-time = "2026-08-04T18:15:28.737Z" }
wheels = [
    { url = "https://files.pythonhosted.org/packages/63/34/ba1c580383c9eada3711951fef0795c80b829a078d72188184bcab9dd527/packaging-26.3-py3-none-any.whl", hash = "sha256:d7193f7c8e4e93f444fde0262bf90af30e16fa0ad0ad44cb553c87339b23cd1c", size = 129956, upload-time = "2026-08-04T18:15:27.159Z" },
]

[[package]]
name = "pluggy"
version = "1.6.0"
source = { registry = "https://pypi.org/simple" }
sdist = { url = "https://files.pythonhosted.org/packages/f9/e2/3e91f31a7d2b083fe6ef3fa267035b518369d9511ffab804f839851d2779/pluggy-1.6.0.tar.gz", hash = "sha256:7dcc130b76258d33b90f61b658791dede3486c3e6bfb003ee5c9bfb396dd22f3", size = 69412, upload-time = "2025-05-15T12:30:07.975Z" }
wheels = [
    { url = "https://files.pythonhosted.org/packages/54/20/4d324d65cc6d9205fabedc306948156824eb9f0ee1633355a8f7ec5c66bf/pluggy-1.6.0-py3-none-any.whl", hash = "sha256:e920276dd6813095e9377c0bc5566d94c932c33b27a3e3945d8389c374dd4746", size = 20538, upload-time = "2025-05-15T12:30:06.134Z" },
]

[[package]]
name = "pyaes"
version = "1.6.1"
source = { registry = "https://pypi.org/simple" }
sdist = { url = "https://files.pythonhosted.org/packages/44/66/2c17bae31c906613795711fc78045c285048168919ace2220daa372c7d72/pyaes-1.6.1.tar.gz", hash = "sha256:02c1b1405c38d3c370b085fb952dd8bea3fadcee6411ad99f312cc129c536d8f", size = 28536, upload-time = "2017-09-20T21:17:54.23Z" }

[[package]]
name = "pyasn1"
version = "0.6.4"
source = { registry = "https://pypi.org/simple" }
sdist = { url = "https://files.pythonhosted.org/packages/a4/9a/23310166d960def5897e91fe20e5b724601b02a22e84ba1f94232c0b7f67/pyasn1-0.6.4.tar.gz", hash = "sha256:9c447d8431c947fe4c8febc4ed9e760bc29011a5b01e5c74b67025bd9fb8ce81", size = 151262, upload-time = "2026-07-09T01:12:33.988Z" }
wheels = [
    { url = "https://files.pythonhosted.org/packages/9a/3b/6163796d69c3977d1e4287bea4a6979161cbbdd170ebb430511e8e1999ce/pyasn1-0.6.4-py3-none-any.whl", hash = "sha256:deda9277cfd454080ec40b207fb6df82206a3a2688735233cdcd8d3d565f088b", size = 84410, upload-time = "2026-07-09T01:12:32.92Z" },
]

[[package]]
name = "pygments"
version = "2.20.0"
source = { registry = "https://pypi.org/simple" }
sdist = { url = "https://files.pythonhosted.org/packages/c3/b2/bc9c9196916376152d655522fdcebac55e66de6603a76a02bca1b6414f6c/pygments-2.20.0.tar.gz", hash = "sha256:6757cd03768053ff99f3039c1a36d6c0aa0b263438fcab17520b30a303a82b5f", size = 4955991, upload-time = "2026-03-29T13:29:33.898Z" }
wheels = [
    { url = "https://files.pythonhosted.org/packages/f4/7e/a72dd26f3b0f4f2bf1dd8923c85f7ceb43172af56d63c7383eb62b332364/pygments-2.20.0-py3-none-any.whl", hash = "sha256:81a9e26dd42fd28a23a2d169d86d7ac03b46e2f8b59ed4698fb4785f946d0176", size = 1231151, upload-time = "2026-03-29T13:29:30.038Z" },
]

[[package]]
name = "pytest"
version = "9.1.1"
source = { registry = "https://pypi.org/simple" }
dependencies = [
    { name = "colorama", marker = "sys_platform == 'win32'" },
    { name = "iniconfig" },
    { name = "packaging" },
    { name = "pluggy" },
    { name = "pygments" },
]
sdist = { url = "https://files.pythonhosted.org/packages/e4/47/b9efed96c114afcfa3c9d3fe98a76a1d14c74a9e266d397cf6eb64be5e01/pytest-9.1.1.tar.gz", hash = "sha256:1088fbde8f2b49d95a549a195707afa7a76a3ce9bcadc26b6d71f0ffda5fe313", size = 1636369, upload-time = "2026-06-19T10:58:32.857Z" }
wheels = [
    { url = "https://files.pythonhosted.org/packages/24/25/1de2678b631f5a49215c6c96fff41ba892b0a34df68d6d80292b1b48aa7f/pytest-9.1.1-py3-none-any.whl", hash = "sha256:37a86b45efb9a47a61a36449063e8e18d0cab3161329fc099eb21783169c4f0c", size = 386536, upload-time = "2026-06-19T10:58:31.347Z" },
]

[[package]]
name = "rsa"
version = "4.9.1"
source = { registry = "https://pypi.org/simple" }
dependencies = [
    { name = "pyasn1" },
]
sdist = { url = "https://files.pythonhosted.org/packages/da/8a/22b7beea3ee0d44b1916c0c1cb0ee3af23b700b6da9f04991899d0c555d4/rsa-4.9.1.tar.gz", hash = "sha256:e7bdbfdb5497da4c07dfd35530e1a902659db6ff241e39d9953cad06ebd0ae75", size = 29034, upload-time = "2025-04-16T09:51:18.218Z" }
wheels = [
    { url = "https://files.pythonhosted.org/packages/64/8d/0133e4eb4beed9e425d9a98ed6e081a55d195481b7632472be1af08d2f6b/rsa-4.9.1-py3-none-any.whl", hash = "sha256:68635866661c6836b8d39430f97a996acbd61bfa49406748ea243539fe239762", size = 34696, upload-time = "2025-04-16T09:51:17.142Z" },
]

[[package]]
name = "ruff"
version = "0.16.1"
source = { registry = "https://pypi.org/simple" }
sdist = { url = "https://files.pythonhosted.org/packages/70/25/7113f6d5498888c5fb7db34081cba7d5971c4cb1bfb26819966eee68f003/ruff-0.16.1.tar.gz", hash = "sha256:fedad7c801dabd3fb9741d76aca39246e6ddd9ca446a015875207bf19f1e6bc7", size = 4877500, upload-time = "2026-07-30T19:37:01.379Z" }
wheels = [
    { url = "https://files.pythonhosted.org/packages/1b/bd/694da69368e0973de65df2ddc73ab18d43c469d5963d9b150911de6bc513/ruff-0.16.1-py3-none-linux_armv6l.whl", hash = "sha256:58edb313b88f0c5460a26adf5f39a37a3be789494a15e3e411e35fa78b89f9a0", size = 10839126, upload-time = "2026-07-30T19:36:13.697Z" },
    { url = "https://files.pythonhosted.org/packages/3f/f0/b626e5d5bd0dd9576263658ef12885e2288afd1029a48e26ffed65ec1ac1/ruff-0.16.1-py3-none-macosx_10_12_x86_64.whl", hash = "sha256:fde5a99e2f97479af66edd6622c6d5a2a7592c77cf4153d9e4428f5eeb55b60c", size = 11070253, upload-time = "2026-07-30T19:36:17.14Z" },
    { url = "https://files.pythonhosted.org/packages/83/63/f40acfb6b35b88623e71684942b552c3edd96035f5d98f313815f7b277de/ruff-0.16.1-py3-none-macosx_11_0_arm64.whl", hash = "sha256:e0d4c20532fca4f7fa609369161d968dd28f65d83dabbd61d8e9c7edbf7001f6", size = 10561425, upload-time = "2026-07-30T19:36:20.04Z" },
    { url = "https://files.pythonhosted.org/packages/aa/dd/14ec0e9c2b4d315547dd38765004b4863e354e1b52cb308272215d9f6f6d/ruff-0.16.1-py3-none-manylinux_2_17_aarch64.manylinux2014_aarch64.whl", hash = "sha256:30affbcedf59ad5703d9c91f82266e02b47739f797e1a7b6e158e5526a6dae38", size = 10948879, upload-time = "2026-07-30T19:36:22.476Z" },
    { url = "https://files.pythonhosted.org/packages/33/e9/9d870cbae575030fdef595f04b4b97573c525b5497cce4f4498cf2f85446/ruff-0.16.1-py3-none-manylinux_2_17_armv7l.manylinux2014_armv7l.whl", hash = "sha256:24e9c631573cbca9d20f1283f8f479b2afa4a8503504822bd71a293889f16743", size = 10643691, upload-time = "2026-07-30T19:36:24.914Z" },
    { url = "https://files.pythonhosted.org/packages/c4/09/12743d544e2173f53ecd27217c65f90d2bc0f8424a66a60339e56bbc0457/ruff-0.16.1-py3-none-manylinux_2_17_i686.manylinux2014_i686.whl", hash = "sha256:b41bdd48fb420987a9b5212e4957c26ad4abce401fa9ea9d4d85843727945f4f", size = 11435354, upload-time = "2026-07-30T19:36:28.447Z" },
    { url = "https://files.pythonhosted.org/packages/7f/89/a1652b2daee52083c9554a6333b678a8b01d0400f976827bb87857f9449a/ruff-0.16.1-py3-none-manylinux_2_17_ppc64le.manylinux2014_ppc64le.whl", hash = "sha256:b0d1e1393b7648079e13669de1c1f4fde06d4583e84d8fd5c1551e0a77a2aa75", size = 12259033, upload-time = "2026-07-30T19:36:31.326Z" },
    { url = "https://files.pythonhosted.org/packages/16/96/ecdcb8c54ee7b123b487f807eb014e6e019155a0b81dfb669acd52f28ce3/ruff-0.16.1-py3-none-manylinux_2_17_s390x.manylinux2014_s390x.whl", hash = "sha256:07bf434b1c95f4e093be4532068ef4fcf00924eb2ade8796075980902d6fd54a", size = 11667981, upload-time = "2026-07-30T19:36:34.394Z" },
    { url = "https://files.pythonhosted.org/packages/cd/90/c52e12e0d862e9572f2a33aa227409143520abe53111e9a6babbac7b4af8/ruff-0.16.1-py3-none-manylinux_2_17_x86_64.manylinux2014_x86_64.whl", hash = "sha256:39897739f112253ee4fdd2e8aa9a4f9ded99fb2be367d5f31dfa4ded6025584c", size = 11468183, upload-time = "2026-07-30T19:36:37.339Z" },
    { url = "https://files.pythonhosted.org/packages/2c/6b/4ffb7ad1d83eb16cf8cbb3c8815d3f11c88460fd162d4b372a2059be1c2a/ruff-0.16.1-py3-none-manylinux_2_31_riscv64.whl", hash = "sha256:82ae3c0c0d74daf17b968a10b7b3bb3ef297ab7de0c1f749646b25e690ccb150", size = 11470071, upload-time = "2026-07-30T19:36:39.91Z" },
    { url = "https://files.pythonhosted.org/packages/9c/72/32ae7db4c0b5e32ab611787caa19d1546800676d79f7483b7100a3561bf4/ruff-0.16.1-py3-none-musllinux_1_2_aarch64.whl", hash = "sha256:4d5f2ed10f8242d83fc08d521301089364e3375375705356f20c0e31606ef3ef", size = 10919503, upload-time = "2026-07-30T19:36:42.65Z" },
    { url = "https://files.pythonhosted.org/packages/f7/ca/3d901ba6ad6fc38da39c3448fc6c59ac945679293a17c3ceb6d6c1cba13e/ruff-0.16.1-py3-none-musllinux_1_2_armv7l.whl", hash = "sha256:a4665b309891f83f3e3c25447935f1213e9abbd4b5640af7a1f2def9f8d413c1", size = 10649861, upload-time = "2026-07-30T19:36:45.18Z" },
    { url = "https://files.pythonhosted.org/packages/92/79/894ef1ced26552d5f8c9cf6d85b0687840e1128c55aeab7b9c2d54a0d880/ruff-0.16.1-py3-none-musllinux_1_2_i686.whl", hash = "sha256:26e9ca5c9bc3971f20d3cf18a957f52ffd6a5f6564ff15c4912a144dcac22494", size = 11148137, upload-time = "2026-07-30T19:36:47.936Z" },
    { url = "https://files.pythonhosted.org/packages/2d/69/3609a09fa1cb46cc28b762363e440a354204e5dff01bd0c8d7437874d6b9/ruff-0.16.1-py3-none-musllinux_1_2_x86_64.whl", hash = "sha256:67e1e1e3fa4f0c82f0e36d4cd61e661f6e7a6196cb1aa92fe0828fa7b8f257cd", size = 11559211, upload-time = "2026-07-30T19:36:50.448Z" },
    { url = "https://files.pythonhosted.org/packages/fc/8a/fb22af2fd78a736e241fabf67e30ce1799a64244026377a49e133af90762/ruff-0.16.1-py3-none-win32.whl", hash = "sha256:d31765e131295b8445caf301e3e8a85b34d1b9b211b4109b7ba457888b051806", size = 10838258, upload-time = "2026-07-30T19:36:53.298Z" },
    { url = "https://files.pythonhosted.org/packages/d4/35/e57fd9fb5d423961df087a00b12d42c0a830288dc2f3b45ecca299158b4f/ruff-0.16.1-py3-none-win_amd64.whl", hash = "sha256:09b05e8b90c2cb06ad63464350e7a45e8e44a2dfe52072ebfba6666ca8d3f596", size = 11961111, upload-time = "2026-07-30T19:36:56.107Z" },
    { url = "https://files.pythonhosted.org/packages/cb/46/240ea004bf6dc4feb40e9832f2205a476a47dd5b8a3f8211a5fc5f95e20e/ruff-0.16.1-py3-none-win_arm64.whl", hash = "sha256:dbaadaac38c70239f056d306b7476f246b0bf000fa6b3876402acbf5b227eaf8", size = 11309414, upload-time = "2026-07-30T19:36:58.79Z" },
]

[[package]]
name = "soupsieve"
version = "2.9.1"
source = { registry = "https://pypi.org/simple" }
sdist = { url = "https://files.pythonhosted.org/packages/d9/38/e12680bbe6b4f8f3d17adcaf38d26850aa756c85cf4a80e79fc12a018fe8/soupsieve-2.9.1.tar.gz", hash = "sha256:c33e6605bbc71dd628b00c632d58ae607c22bade247e52553928f83bbb75b4ba", size = 122261, upload-time = "2026-07-21T16:57:17.452Z" }
wheels = [
    { url = "https://files.pythonhosted.org/packages/0f/2c/437fe806897c2d6cfdc3ee43a18da8bf8e568530a4ae9bac781541ca9896/soupsieve-2.9.1-py3-none-any.whl", hash = "sha256:4f4477399246b7a0c720a88ca2454b11cd6bb9ae4c9d170140786e916776c14c", size = 37404, upload-time = "2026-07-21T16:57:16.421Z" },
]

[[package]]
name = "telethon"
version = "1.44.0"
source = { registry = "https://pypi.org/simple" }
dependencies = [
    { name = "pyaes" },
    { name = "rsa" },
]
sdist = { url = "https://files.pythonhosted.org/packages/49/e2/d4137e598db0ba50e4cf9bf32f2e26d016b2c4bb0e9763e3d5a07007d780/telethon-1.44.0.tar.gz", hash = "sha256:7de1473e9e412e20bd57b102d8f50d48372712462be9ff6c003bb81c50ad7e98", size = 701463, upload-time = "2026-06-15T15:47:39.44Z" }
wheels = [
    { url = "https://files.pythonhosted.org/packages/82/fd/4ad621d7a4b8655dfc964ee1c1267407496ec6fd10c91901a64ea29c16c8/telethon-1.44.0-py3-none-any.whl", hash = "sha256:52fc49efb67a4916c2aedcb295ad286f4afa2aba9bf15d83ed2acdc64af0c718", size = 789786, upload-time = "2026-06-15T15:47:41.534Z" },
]

[[package]]
name = "tgbackman"
version = "0.1.0"
source = { editable = "." }
dependencies = [
    { name = "beautifulsoup4" },
    { name = "ijson" },
    { name = "telethon" },
]

[package.dev-dependencies]
dev = [
    { name = "pytest" },
    { name = "ruff" },
]

[package.metadata]
requires-dist = [
    { name = "beautifulsoup4", specifier = ">=4.12" },
    { name = "ijson", specifier = ">=3.2,<4" },
    { name = "telethon", specifier = ">=1.36" },
]

[package.metadata.requires-dev]
dev = [
    { name = "pytest", specifier = ">=8" },
    { name = "ruff", specifier = ">=0.6" },
]

[[package]]
name = "typing-extensions"
version = "4.16.0"
source = { registry = "https://pypi.org/simple" }
sdist = { url = "https://files.pythonhosted.org/packages/f6/cc/6253133b5bb138fc3306cebfbda2c520f545d36b5be2c7255cc528bb45d6/typing_extensions-4.16.0.tar.gz", hash = "sha256:dc983d19a509c94dba722ee6abd33940f7c05a89e243c47e907eb4db6f1a43e5", size = 113555, upload-time = "2026-07-02T08:40:05.92Z" }
wheels = [
    { url = "https://files.pythonhosted.org/packages/49/d3/b8441a820a491ddfc024b0b0cf0393375b75ea13866d9c66727e54c2fc80/typing_extensions-4.16.0-py3-none-any.whl", hash = "sha256:481caa481374e813c1b176ada14e97f1f67a4539ce9cfeb3f350d78d6370c2e8", size = 45571, upload-time = "2026-07-02T08:40:04.659Z" },
]
